// !$*UTF8*$!
{
	archiveVersion = 1;
	classes = {
	};
	objectVersion = 77;
	objects = {

/* Begin PBXContainerItemProxy section */
		13ED01CA2E37A9DD00AE552B /* PBXContainerItemProxy */ = {
			isa = PBXContainerItemProxy;
			containerPortal = 13ED01B42E37A9DB00AE552B /* Project object */;
			proxyType = 1;
			remoteGlobalIDString = 13ED01BB2E37A9DB00AE552B;
			remoteInfo = HisabKitabPro;
		};
		13ED01D42E37A9DD00AE552B /* PBXContainerItemProxy */ = {
			isa = PBXContainerItemProxy;
			containerPortal = 13ED01B42E37A9DB00AE552B /* Project object */;
			proxyType = 1;
			remoteGlobalIDString = 13ED01BB2E37A9DB00AE552B;
			remoteInfo = HisabKitabPro;
		};
/* End PBXContainerItemProxy section */

/* Begin PBXFileReference section */
		13ED01BC2E37A9DB00AE552B /* HisabKitabPro.app */ = {isa = PBXFileReference; explicitFileType = wrapper.application; includeInIndex = 0; path = HisabKitabPro.app; sourceTree = BUILT_PRODUCTS_DIR; };
		13ED01C92E37A9DD00AE552B /* HisabKitabProTests.xctest */ = {isa = PBXFileReference; explicitFileType = wrapper.cfbundle; includeInIndex = 0; path = HisabKitabProTests.xctest; sourceTree = BUILT_PRODUCTS_DIR; };
		13ED01D32E37A9DD00AE552B /* HisabKitabProUITests.xctest */ = {isa = PBXFileReference; explicitFileType = wrapper.cfbundle; includeInIndex = 0; path = HisabKitabProUITests.xctest; sourceTree = BUILT_PRODUCTS_DIR; };
/* End PBXFileReference section */

/* Begin PBXFileSystemSynchronizedRootGroup section */
		13ED01BE2E37A9DB00AE552B /* HisabKitabPro */ = {
			isa = PBXFileSystemSynchronizedRootGroup;
			path = HisabKitabPro;
			sourceTree = "<group>";
		};
		13ED01CC2E37A9DD00AE552B /* HisabKitabProTests */ = {
			isa = PBXFileSystemSynchronizedRootGroup;
			path = HisabKitabProTests;
			sourceTree = "<group>";
		};
		13ED01D62E37A9DD00AE552B /* HisabKitabProUITests */ = {
			isa = PBXFileSystemSynchronizedRootGroup;
			path = HisabKitabProUITests;
			sourceTree = "<group>";
		};
/* End PBXFileSystemSynchronizedRootGroup section */

/* Begin PBXFrameworksBuildPhase section */
		13ED01B92E37A9DB00AE552B /* Frameworks */ = {
			isa = PBXFrameworksBuildPhase;
			buildActionMask = 2147483647;
			files = (
			);
			runOnlyForDeploymentPostprocessing = 0;
		};
		13ED01C62E37A9DD00AE552B /* Frameworks */ = {
			isa = PBXFrameworksBuildPhase;
			buildActionMask = 2147483647;
			files = (
			);
			runOnlyForDeploymentPostprocessing = 0;
		};
		13ED01D02E37A9DD00AE552B /* Frameworks */ = {
			isa = PBXFrameworksBuildPhase;
			buildActionMask = 2147483647;
			files = (
			);
			runOnlyForDeploymentPostprocessing = 0;
		};
/* End PBXFrameworksBuildPhase section */

/* Begin PBXGroup section */
		13ED01B32E37A9DB00AE552B = {
			isa = PBXGroup;
			children = (
				13ED01BE2E37A9DB00AE552B /* HisabKitabPro */,
				13ED01CC2E37A9DD00AE552B /* HisabKitabProTests */,
				13ED01D62E37A9DD00AE552B /* HisabKitabProUITests */,
				13ED01BD2E37A9DB00AE552B /* Products */,
			);
			sourceTree = "<group>";
		};
		13ED01BD2E37A9DB00AE552B /* Products */ = {
			isa = PBXGroup;
			children = (
				13ED01BC2E37A9DB00AE552B /* HisabKitabPro.app */,
				13ED01C92E37A9DD00AE552B /* HisabKitabProTests.xctest */,
				13ED01D32E37A9DD00AE552B /* HisabKitabProUITests.xctest */,
			);
			name = Products;
			sourceTree = "<group>";
		};
/* End PBXGroup section */

/* Begin PBXNativeTarget section */
		13ED01BB2E37A9DB00AE552B /* HisabKitabPro */ = {
			isa = PBXNativeTarget;
			buildConfigurationList = 13ED01DD2E37A9DD00AE552B /* Build configuration list for PBXNativeTarget "HisabKitabPro" */;
			buildPhases = (
				13ED01B82E37A9DB00AE552B /* Sources */,
				13ED01B92E37A9DB00AE552B /* Frameworks */,
				13ED01BA2E37A9DB00AE552B /* Resources */,
			);
			buildRules = (
			);
			dependencies = (
			);
			fileSystemSynchronizedGroups = (
				13ED01BE2E37A9DB00AE552B /* HisabKitabPro */,
			);
			name = HisabKitabPro;
			packageProductDependencies = (
			);
			productName = HisabKitabPro;
			productReference = 13ED01BC2E37A9DB00AE552B /* HisabKitabPro.app */;
			productType = "com.apple.product-type.application";
		};
		13ED01C82E37A9DD00AE552B /* HisabKitabProTests */ = {
			isa = PBXNativeTarget;
			buildConfigurationList = 13ED01E02E37A9DD00AE552B /* Build configuration list for PBXNativeTarget "HisabKitabProTests" */;
			buildPhases = (
				13ED01C52E37A9DD00AE552B /* Sources */,
				13ED01C62E37A9DD00AE552B /* Frameworks */,
				13ED01C72E37A9DD00AE552B /* Resources */,
			);
			buildRules = (
			);
			dependencies = (
				13ED01CB2E37A9DD00AE552B /* PBXTargetDependency */,
			);
			fileSystemSynchronizedGroups = (
				13ED01CC2E37A9DD00AE552B /* HisabKitabProTests */,
			);
			name = HisabKitabProTests;
			packageProductDependencies = (
			);
			productName = HisabKitabProTests;
			productReference = 13ED01C92E37A9DD00AE552B /* HisabKitabProTests.xctest */;
			productType = "com.apple.product-type.bundle.unit-test";
		};
		13ED01D22E37A9DD00AE552B /* HisabKitabProUITests */ = {
			isa = PBXNativeTarget;
			buildConfigurationList = 13ED01E32E37A9DD00AE552B /* Build configuration list for PBXNativeTarget "HisabKitabProUITests" */;
			buildPhases = (
				13ED01CF2E37A9DD00AE552B /* Sources */,
				13ED01D02E37A9DD00AE552B /* Frameworks */,
				13ED01D12E37A9DD00AE552B /* Resources */,
			);
			buildRules = (
			);
			dependencies = (
				13ED01D52E37A9DD00AE552B /* PBXTargetDependency */,
			);
			fileSystemSynchronizedGroups = (
				13ED01D62E37A9DD00AE552B /* HisabKitabProUITests */,
			);
			name = HisabKitabProUITests;
			packageProductDependencies = (
			);
			productName = HisabKitabProUITests;
			productReference = 13ED01D32E37A9DD00AE552B /* HisabKitabProUITests.xctest */;
			productType = "com.apple.product-type.bundle.ui-testing";
		};
/* End PBXNativeTarget section */

/* Begin PBXProject section */
		13ED01B42E37A9DB00AE552B /* Project object */ = {
			isa = PBXProject;
			attributes = {
				BuildIndependentTargetsInParallel = 1;
				LastSwiftUpdateCheck = 1640;
				LastUpgradeCheck = 1640;
				TargetAttributes = {
					13ED01BB2E37A9DB00AE552B = {
						CreatedOnToolsVersion = 16.4;
					};
					13ED01C82E37A9DD00AE552B = {
						CreatedOnToolsVersion = 16.4;
						TestTargetID = 13ED01BB2E37A9DB00AE552B;
					};
					13ED01D22E37A9DD00AE552B = {
						CreatedOnToolsVersion = 16.4;
						TestTargetID = 13ED01BB2E37A9DB00AE552B;
					};
				};
			};
			buildConfigurationList = 13ED01B72E37A9DB00AE552B /* Build configuration list for PBXProject "HisabKitabPro" */;
			developmentRegion = en;
			hasScannedForEncodings = 0;
			knownRegions = (
				en,
				Base,
			);
			mainGroup = 13ED01B32E37A9DB00AE552B;
			minimizedProjectReferenceProxies = 1;
			preferredProjectObjectVersion = 77;
			productRefGroup = 13ED01BD2E37A9DB00AE552B /* Products */;
			projectDirPath = "";
			projectRoot = "";
			targets = (
				13ED01BB2E37A9DB00AE552B /* HisabKitabPro */,
				13ED01C82E37A9DD00AE552B /* HisabKitabProTests */,
				13ED01D22E37A9DD00AE552B /* HisabKitabProUITests */,
			);
		};
/* End PBXProject section */

/* Begin PBXResourcesBuildPhase section */
		13ED01BA2E37A9DB00AE552B /* Resources */ = {
			isa = PBXResourcesBuildPhase;
			buildActionMask = 2147483647;
			files = (
			);
			runOnlyForDeploymentPostprocessing = 0;
		};
		13ED01C72E37A9DD00AE552B /* Resources */ = {
			isa = PBXResourcesBuildPhase;
			buildActionMask = 2147483647;
			files = (
			);
			runOnlyForDeploymentPostprocessing = 0;
		};
		13ED01D12E37A9DD00AE552B /* Resources */ = {
			isa = PBXResourcesBuildPhase;
			buildActionMask = 2147483647;
			files = (
			);
			runOnlyForDeploymentPostprocessing = 0;
		};
/* End PBXResourcesBuildPhase section */

/* Begin PBXSourcesBuildPhase section */
		13ED01B82E37A9DB00AE552B /* Sources */ = {
			isa = PBXSourcesBuildPhase;
			buildActionMask = 2147483647;
			files = (
			);
			runOnlyForDeploymentPostprocessing = 0;
		};
		13ED01C52E37A9DD00AE552B /* Sources */ = {
			isa = PBXSourcesBuildPhase;
			buildActionMask = 2147483647;
			files = (
			);
			runOnlyForDeploymentPostprocessing = 0;
		};
		13ED01CF2E37A9DD00AE552B /* Sources */ = {
			isa = PBXSourcesBuildPhase;
			buildActionMask = 2147483647;
			files = (
			);
			runOnlyForDeploymentPostprocessing = 0;
		};
/* End PBXSourcesBuildPhase section */

/* Begin PBXTargetDependency section */
		13ED01CB2E37A9DD00AE552B /* PBXTargetDependency */ = {
			isa = PBXTargetDependency;
			target = 13ED01BB2E37A9DB00AE552B /* HisabKitabPro */;
			targetProxy = 13ED01CA2E37A9DD00AE552B /* PBXContainerItemProxy */;
		};
		13ED01D52E37A9DD00AE552B /* PBXTargetDependency */ = {
			isa = PBXTargetDependency;
			target = 13ED01BB2E37A9DB00AE552B /* HisabKitabPro */;
			targetProxy = 13ED01D42E37A9DD00AE552B /* PBXContainerItemProxy */;
		};
/* End PBXTargetDependency section */

/* Begin XCBuildConfiguration section */
		13ED01DB2E37A9DD00AE552B /* Debug */ = {
			isa = XCBuildConfiguration;
			buildSettings = {
				ALWAYS_SEARCH_USER_PATHS = NO;
				ASSETCATALOG_COMPILER_GENERATE_SWIFT_ASSET_SYMBOL_EXTENSIONS = YES;
				CLANG_ANALYZER_NONNULL = YES;
				CLANG_ANALYZER_NUMBER_OBJECT_CONVERSION = YES_AGGRESSIVE;
				CLANG_CXX_LANGUAGE_STANDARD = "gnu++20";
				CLANG_ENABLE_MODULES = YES;
				CLANG_ENABLE_OBJC_ARC = YES;
				CLANG_ENABLE_OBJC_WEAK = YES;
				CLANG_WARN_BLOCK_CAPTURE_AUTORELEASING = YES;
				CLANG_WARN_BOOL_CONVERSION = YES;
				CLANG_WARN_COMMA = YES;
				CLANG_WARN_CONSTANT_CONVERSION = YES;
				CLANG_WARN_DEPRECATED_OBJC_IMPLEMENTATIONS = YES;
				CLANG_WARN_DIRECT_OBJC_ISA_USAGE = YES_ERROR;
				CLANG_WARN_DOCUMENTATION_COMMENTS = YES;
				CLANG_WARN_EMPTY_BODY = YES;
				CLANG_WARN_ENUM_CONVERSION = YES;
				CLANG_WARN_INFINITE_RECURSION = YES;
				CLANG_WARN_INT_CONVERSION = YES;
				CLANG_WARN_NON_LITERAL_NULL_CONVERSION = YES;
				CLANG_WARN_OBJC_IMPLICIT_RETAIN_SELF = YES;
				CLANG_WARN_OBJC_LITERAL_CONVERSION = YES;
				CLANG_WARN_OBJC_ROOT_CLASS = YES_ERROR;
				CLANG_WARN_QUOTED_INCLUDE_IN_FRAMEWORK_HEADER = YES;
				CLANG_WARN_RANGE_LOOP_ANALYSIS = YES;
				CLANG_WARN_STRICT_PROTOTYPES = YES;
				CLANG_WARN_SUSPICIOUS_MOVE = YES;
				CLANG_WARN_UNGUARDED_AVAILABILITY = YES_AGGRESSIVE;
				CLANG_WARN_UNREACHABLE_CODE = YES;
				CLANG_WARN__DUPLICATE_METHOD_MATCH = YES;
				COPY_PHASE_STRIP = NO;
				DEBUG_INFORMATION_FORMAT = dwarf;
				ENABLE_STRICT_OBJC_MSGSEND = YES;
				ENABLE_TESTABILITY = YES;
				ENABLE_USER_SCRIPT_SANDBOXING = YES;
				GCC_C_LANGUAGE_STANDARD = gnu17;
				GCC_DYNAMIC_NO_PIC = NO;
				GCC_NO_COMMON_BLOCKS = YES;
				GCC_OPTIMIZATION_LEVEL = 0;
				GCC_PREPROCESSOR_DEFINITIONS = (
					"DEBUG=1",
					"$(inherited)",
				);
				GCC_WARN_64_TO_32_BIT_CONVERSION = YES;
				GCC_WARN_ABOUT_RETURN_TYPE = YES_ERROR;
				GCC_WARN_UNDECLARED_SELECTOR = YES;
				GCC_WARN_UNINITIALIZED_AUTOS = YES_AGGRESSIVE;
				GCC_WARN_UNUSED_FUNCTION = YES;
				GCC_WARN_UNUSED_VARIABLE = YES;
				IPHONEOS_DEPLOYMENT_TARGET = 18.5;
				LOCALIZATION_PREFERS_STRING_CATALOGS = YES;
				MTL_ENABLE_DEBUG_INFO = INCLUDE_SOURCE;
				MTL_FAST_MATH = YES;
				ONLY_ACTIVE_ARCH = YES;
				SDKROOT = iphoneos;
				SWIFT_ACTIVE_COMPILATION_CONDITIONS = "DEBUG $(inherited)";
				SWIFT_OPTIMIZATION_LEVEL = "-Onone";
			};
			name = Debug;
		};
		13ED01DC2E37A9DD00AE552B /* Release */ = {
			isa = XCBuildConfiguration;
			buildSettings = {
				ALWAYS_SEARCH_USER_PATHS = NO;
				ASSETCATALOG_COMPILER_GENERATE_SWIFT_ASSET_SYMBOL_EXTENSIONS = YES;
				CLANG_ANALYZER_NONNULL = YES;
				CLANG_ANALYZER_NUMBER_OBJECT_CONVERSION = YES_AGGRESSIVE;
				CLANG_CXX_LANGUAGE_STANDARD = "gnu++20";
				CLANG_ENABLE_MODULES = YES;
				CLANG_ENABLE_OBJC_ARC = YES;
				CLANG_ENABLE_OBJC_WEAK = YES;
				CLANG_WARN_BLOCK_CAPTURE_AUTORELEASING = YES;
				CLANG_WARN_BOOL_CONVERSION = YES;
				CLANG_WARN_COMMA = YES;
				CLANG_WARN_CONSTANT_CONVERSION = YES;
				CLANG_WARN_DEPRECATED_OBJC_IMPLEMENTATIONS = YES;
				CLANG_WARN_DIRECT_OBJC_ISA_USAGE = YES_ERROR;
				CLANG_WARN_DOCUMENTATION_COMMENTS = YES;
				CLANG_WARN_EMPTY_BODY = YES;
				CLANG_WARN_ENUM_CONVERSION = YES;
				CLANG_WARN_INFINITE_RECURSION = YES;
				CLANG_WARN_INT_CONVERSION = YES;
				CLANG_WARN_NON_LITERAL_NULL_CONVERSION = YES;
				CLANG_WARN_OBJC_IMPLICIT_RETAIN_SELF = YES;
				CLANG_WARN_OBJC_LITERAL_CONVERSION = YES;
				CLANG_WARN_OBJC_ROOT_CLASS = YES_ERROR;
				CLANG_WARN_QUOTED_INCLUDE_IN_FRAMEWORK_HEADER = YES;
				CLANG_WARN_RANGE_LOOP_ANALYSIS = YES;
				CLANG_WARN_STRICT_PROTOTYPES = YES;
				CLANG_WARN_SUSPICIOUS_MOVE = YES;
				CLANG_WARN_UNGUARDED_AVAILABILITY = YES_AGGRESSIVE;
				CLANG_WARN_UNREACHABLE_CODE = YES;
				CLANG_WARN__DUPLICATE_METHOD_MATCH = YES;
				COPY_PHASE_STRIP = NO;
				DEBUG_INFORMATION_FORMAT = "dwarf-with-dsym";
				ENABLE_NS_ASSERTIONS = NO;
				ENABLE_STRICT_OBJC_MSGSEND = YES;
				ENABLE_USER_SCRIPT_SANDBOXING = YES;
				GCC_C_LANGUAGE_STANDARD = gnu17;
				GCC_NO_COMMON_BLOCKS = YES;
				GCC_WARN_64_TO_32_BIT_CONVERSION = YES;
				GCC_WARN_ABOUT_RETURN_TYPE = YES_ERROR;
				GCC_WARN_UNDECLARED_SELECTOR = YES;
				GCC_WARN_UNINITIALIZED_AUTOS = YES_AGGRESSIVE;
				GCC_WARN_UNUSED_FUNCTION = YES;
				GCC_WARN_UNUSED_VARIABLE = YES;
				IPHONEOS_DEPLOYMENT_TARGET = 18.5;
				LOCALIZATION_PREFERS_STRING_CATALOGS = YES;
				MTL_ENABLE_DEBUG_INFO = NO;
				MTL_FAST_MATH = YES;
				SDKROOT = iphoneos;
				SWIFT_COMPILATION_MODE = wholemodule;
				VALIDATE_PRODUCT = YES;
			};
			name = Release;
		};
		13ED01DE2E37A9DD00AE552B /* Debug */ = {
			isa = XCBuildConfiguration;
			buildSettings = {
				ASSETCATALOG_COMPILER_APPICON_NAME = AppIcon;
				ASSETCATALOG_COMPILER_GLOBAL_ACCENT_COLOR_NAME = AccentColor;
				CODE_SIGN_STYLE = Automatic;
				CURRENT_PROJECT_VERSION = 1;
				ENABLE_PREVIEWS = YES;
				GENERATE_INFOPLIST_FILE = YES;
				INFOPLIST_KEY_UIApplicationSceneManifest_Generation = YES;
				INFOPLIST_KEY_UIApplicationSupportsIndirectInputEvents = YES;
				INFOPLIST_KEY_UILaunchScreen_Generation = YES;
				INFOPLIST_KEY_UISupportedInterfaceOrientations_iPad = "UIInterfaceOrientationPortrait UIInterfaceOrientationPortraitUpsideDown UIInterfaceOrientationLandscapeLeft UIInterfaceOrientationLandscapeRight";
				INFOPLIST_KEY_UISupportedInterfaceOrientations_iPhone = "UIInterfaceOrientationPortrait UIInterfaceOrientationLandscapeLeft UIInterfaceOrientationLandscapeRight";
				LD_RUNPATH_SEARCH_PATHS = (
					"$(inherited)",
					"@executable_path/Frameworks",
				);
				MARKETING_VERSION = 1.0;
				PRODUCT_BUNDLE_IDENTIFIER = devnexa.HisabKitabPro;
				PRODUCT_NAME = "$(TARGET_NAME)";
				SWIFT_EMIT_LOC_STRINGS = YES;
				SWIFT_VERSION = 5.0;
				TARGETED_DEVICE_FAMILY = "1,2";
			};
			name = Debug;
		};
		13ED01DF2E37A9DD00AE552B /* Release */ = {
			isa = XCBuildConfiguration;
			buildSettings = {
				ASSETCATALOG_COMPILER_APPICON_NAME = AppIcon;
				ASSETCATALOG_COMPILER_GLOBAL_ACCENT_COLOR_NAME = AccentColor;
				CODE_SIGN_STYLE = Automatic;
				CURRENT_PROJECT_VERSION = 1;
				ENABLE_PREVIEWS = YES;
				GENERATE_INFOPLIST_FILE = YES;
				INFOPLIST_KEY_UIApplicationSceneManifest_Generation = YES;
				INFOPLIST_KEY_UIApplicationSupportsIndirectInputEvents = YES;
				INFOPLIST_KEY_UILaunchScreen_Generation = YES;
				INFOPLIST_KEY_UISupportedInterfaceOrientations_iPad = "UIInterfaceOrientationPortrait UIInterfaceOrientationPortraitUpsideDown UIInterfaceOrientationLandscapeLeft UIInterfaceOrientationLandscapeRight";
				INFOPLIST_KEY_UISupportedInterfaceOrientations_iPhone = "UIInterfaceOrientationPortrait UIInterfaceOrientationLandscapeLeft UIInterfaceOrientationLandscapeRight";
				LD_RUNPATH_SEARCH_PATHS = (
					"$(inherited)",
					"@executable_path/Frameworks",
				);
				MARKETING_VERSION = 1.0;
				PRODUCT_BUNDLE_IDENTIFIER = devnexa.HisabKitabPro;
				PRODUCT_NAME = "$(TARGET_NAME)";
				SWIFT_EMIT_LOC_STRINGS = YES;
				SWIFT_VERSION = 5.0;
				TARGETED_DEVICE_FAMILY = "1,2";
			};
			name = Release;
		};
		13ED01E12E37A9DD00AE552B /* Debug */ = {
			isa = XCBuildConfiguration;
			buildSettings = {
				BUNDLE_LOADER = "$(TEST_HOST)";
				CODE_SIGN_STYLE = Automatic;
				CURRENT_PROJECT_VERSION = 1;
				GENERATE_INFOPLIST_FILE = YES;
				IPHONEOS_DEPLOYMENT_TARGET = 18.5;
				MARKETING_VERSION = 1.0;
				PRODUCT_BUNDLE_IDENTIFIER = devnexa.HisabKitabProTests;
				PRODUCT_NAME = "$(TARGET_NAME)";
				SWIFT_EMIT_LOC_STRINGS = NO;
				SWIFT_VERSION = 5.0;
				TARGETED_DEVICE_FAMILY = "1,2";
				TEST_HOST = "$(BUILT_PRODUCTS_DIR)/HisabKitabPro.app/$(BUNDLE_EXECUTABLE_FOLDER_PATH)/HisabKitabPro";
			};
			name = Debug;
		};
		13ED01E22E37A9DD00AE552B /* Release */ = {
			isa = XCBuildConfiguration;
			buildSettings = {
				BUNDLE_LOADER = "$(TEST_HOST)";
				CODE_SIGN_STYLE = Automatic;
				CURRENT_PROJECT_VERSION = 1;
				GENERATE_INFOPLIST_FILE = YES;
				IPHONEOS_DEPLOYMENT_TARGET = 18.5;
				MARKETING_VERSION = 1.0;
				PRODUCT_BUNDLE_IDENTIFIER = devnexa.HisabKitabProTests;
				PRODUCT_NAME = "$(TARGET_NAME)";
				SWIFT_EMIT_LOC_STRINGS = NO;
				SWIFT_VERSION = 5.0;
				TARGETED_DEVICE_FAMILY = "1,2";
				TEST_HOST = "$(BUILT_PRODUCTS_DIR)/HisabKitabPro.app/$(BUNDLE_EXECUTABLE_FOLDER_PATH)/HisabKitabPro";
			};
			name = Release;
		};
		13ED01E42E37A9DD00AE552B /* Debug */ = {
			isa = XCBuildConfiguration;
			buildSettings = {
				CODE_SIGN_STYLE = Automatic;
				CURRENT_PROJECT_VERSION = 1;
				GENERATE_INFOPLIST_FILE = YES;
				MARKETING_VERSION = 1.0;
				PRODUCT_BUNDLE_IDENTIFIER = devnexa.HisabKitabProUITests;
				PRODUCT_NAME = "$(TARGET_NAME)";
				SWIFT_EMIT_LOC_STRINGS = NO;
				SWIFT_VERSION = 5.0;
				TARGETED_DEVICE_FAMILY = "1,2";
				TEST_TARGET_NAME = HisabKitabPro;
			};
			name = Debug;
		};
		13ED01E52E37A9DD00AE552B /* Release */ = {
			isa = XCBuildConfiguration;
			buildSettings = {
				CODE_SIGN_STYLE = Automatic;
				CURRENT_PROJECT_VERSION = 1;
				GENERATE_INFOPLIST_FILE = YES;
				MARKETING_VERSION = 1.0;
				PRODUCT_BUNDLE_IDENTIFIER = devnexa.HisabKitabProUITests;
				PRODUCT_NAME = "$(TARGET_NAME)";
				SWIFT_EMIT_LOC_STRINGS = NO;
				SWIFT_VERSION = 5.0;
				TARGETED_DEVICE_FAMILY = "1,2";
				TEST_TARGET_NAME = HisabKitabPro;
			};
			name = Release;
		};
/* End XCBuildConfiguration section */

/* Begin XCConfigurationList section */
		13ED01B72E37A9DB00AE552B /* Build configuration list for PBXProject "HisabKitabPro" */ = {
			isa = XCConfigurationList;
			buildConfigurations = (
				13ED01DB2E37A9DD00AE552B /* Debug */,
				13ED01DC2E37A9DD00AE552B /* Release */,
			);
			defaultConfigurationIsVisible = 0;
			defaultConfigurationName = Release;
		};
		13ED01DD2E37A9DD00AE552B /* Build configuration list for PBXNativeTarget "HisabKitabPro" */ = {
			isa = XCConfigurationList;
			buildConfigurations = (
				13ED01DE2E37A9DD00AE552B /* Debug */,
				13ED01DF2E37A9DD00AE552B /* Release */,
			);
			defaultConfigurationIsVisible = 0;
			defaultConfigurationName = Release;
		};
		13ED01E02E37A9DD00AE552B /* Build configuration list for PBXNativeTarget "HisabKitabProTests" */ = {
			isa = XCConfigurationList;
			buildConfigurations = (
				13ED01E12E37A9DD00AE552B /* Debug */,
				13ED01E22E37A9DD00AE552B /* Release */,
			);
			defaultConfigurationIsVisible = 0;
			defaultConfigurationName = Release;
		};
		13ED01E32E37A9DD00AE552B /* Build configuration list for PBXNativeTarget "HisabKitabProUITests" */ = {
			isa = XCConfigurationList;
			buildConfigurations = (
				13ED01E42E37A9DD00AE552B /* Debug */,
				13ED01E52E37A9DD00AE552B /* Release */,
			);
			defaultConfigurationIsVisible = 0;
			defaultConfigurationName = Release;
		};
/* End XCConfigurationList section */
	};
	rootObject = 13ED01B42E37A9DB00AE552B /* Project object */;
}
